github.com/hugomods/images v0.8.4 h1:NheYkSLyoEmdRrMRYuxoB1dWCnkLCC3qLC2QuoPk/C0=
github.com/hugomods/images v0.8.4/go.mod h1:U6Gwj16LKvk66rOMyGFrnF6f0aV8lT89lqOsckOAjYY=
github.com/hugomods/images v0.10.1 h1:ok3ZUZ63MAcmFuTx2kC5JJ3Sffd420RRW9yO57SFeQA=
github.com/hugomods/images v0.10.1/go.mod h1:U6Gwj16LKvk66rOMyGFrnF6f0aV8lT89lqOsckOAjYY=
